
Microsoft Visual Studio Solution File, Format Version 12.00
# Visual Studio 2012
Project("{FAE04EC0-301F-11D3-BF4B-00C04F79EFBC}") = "Kredit_Calculator", "Kredit_Calculator\Kredit_Calculator.csproj", "{286155DD-B472-4736-BD80-95B65D014EAF}"
EndProject
Global
	GlobalSection(SolutionConfigurationPlatforms) = preSolution
		Debug|Any CPU = Debug|Any CPU
		Release|Any CPU = Release|Any CPU
	EndGlobalSection
	GlobalSection(ProjectConfigurationPlatforms) = postSolution
		{286155DD-B472-4736-BD80-95B65D014EAF}.Debug|Any CPU.ActiveCfg = Debug|Any CPU
		{286155DD-B472-4736-BD80-95B65D014EAF}.Debug|Any CPU.Build.0 = Debug|Any CPU
		{286155DD-B472-4736-BD80-95B65D014EAF}.Release|Any CPU.ActiveCfg = Release|Any CPU
		{286155DD-B472-4736-BD80-95B65D014EAF}.Release|Any CPU.Build.0 = Release|Any CPU
	EndGlobalSection
	GlobalSection(SolutionProperties) = preSolution
		HideSolutionNode = FALSE
	EndGlobalSection
EndGlobal
